
Microsoft Visual Studio Solution File, Format Version 12.00
# Visual Studio Version 17
VisualStudioVersion = 17.7.34024.191
MinimumVisualStudioVersion = 10.0.40219.1
Project("{8BC9CEB8-8B4A-11D0-8D11-00A0C91BC942}") = "ConsoleApplication 1 - Lab 2", "ConsoleApplication 1 - Lab 2.vcxproj", "{E876BE35-49F3-44F9-A350-F744E68A6C3C}"
EndProject
Global
	GlobalSection(SolutionConfigurationPlatforms) = preSolution
		Debug|x64 = Debug|x64
		Debug|x86 = Debug|x86
		Release|x64 = Release|x64
		Release|x86 = Release|x86
	EndGlobalSection
	GlobalSection(ProjectConfigurationPlatforms) = postSolution
		{E876BE35-49F3-44F9-A350-F744E68A6C3C}.Debug|x64.ActiveCfg = Debug|x64
		{E876BE35-49F3-44F9-A350-F744E68A6C3C}.Debug|x64.Build.0 = Debug|x64
		{E876BE35-49F3-44F9-A350-F744E68A6C3C}.Debug|x86.ActiveCfg = Debug|Win32
		{E876BE35-49F3-44F9-A350-F744E68A6C3C}.Debug|x86.Build.0 = Debug|Win32
		{E876BE35-49F3-44F9-A350-F744E68A6C3C}.Release|x64.ActiveCfg = Release|x64
		{E876BE35-49F3-44F9-A350-F744E68A6C3C}.Release|x64.Build.0 = Release|x64
		{E876BE35-49F3-44F9-A350-F744E68A6C3C}.Release|x86.ActiveCfg = Release|Win32
		{E876BE35-49F3-44F9-A350-F744E68A6C3C}.Release|x86.Build.0 = Release|Win32
	EndGlobalSection
	GlobalSection(SolutionProperties) = preSolution
		HideSolutionNode = FALSE
	EndGlobalSection
	GlobalSection(ExtensibilityGlobals) = postSolution
		SolutionGuid = {D828E49A-5A6B-4E0B-8226-F7C32D43E8B2}
	EndGlobalSection
EndGlobal
